# This file is automatically @generated by Cargo.
# It is not intended for manual editing.
[[package]]
name = "aho-corasick"
version = "0.7.13"
source = "registry+https://github.com/rust-lang/crates.io-index"
checksum = "043164d8ba5c4c3035fec9bbee8647c0261d788f3474306f93bb65901cae0e86"
dependencies = [
 "memchr",
]

[[package]]
name = "ansi_term"
version = "0.11.0"
source = "registry+https://github.com/rust-lang/crates.io-index"
checksum = "ee49baf6cb617b853aa8d93bf420db2383fab46d314482ca2803b40d5fde979b"
dependencies = [
 "winapi",
]

[[package]]
name = "atty"
version = "0.2.13"
source = "registry+https://github.com/rust-lang/crates.io-index"
checksum = "1803c647a3ec87095e7ae7acfca019e98de5ec9a7d01343f611cf3152ed71a90"
dependencies = [
 "libc",
 "winapi",
]

[[package]]
name = "bitflags"
version = "1.2.1"
source = "registry+https://github.com/rust-lang/crates.io-index"
checksum = "cf1de2fe8c75bc145a2f577add951f8134889b4795d47466a54a5c846d691693"

[[package]]
name = "cc"
version = "1.0.46"
source = "registry+https://github.com/rust-lang/crates.io-index"
checksum = "0213d356d3c4ea2c18c40b037c3be23cd639825c18f25ee670ac7813beeef99c"

[[package]]
name = "clap"
version = "2.33.3"
source = "registry+https://github.com/rust-lang/crates.io-index"
checksum = "37e58ac78573c40708d45522f0d80fa2f01cc4f9b4e2bf749807255454312002"
dependencies = [
 "ansi_term",
 "atty",
 "bitflags",
 "strsim",
 "textwrap",
 "unicode-width",
 "vec_map",
]

[[package]]
name = "ctor"
version = "0.1.19"
source = "registry+https://github.com/rust-lang/crates.io-index"
checksum = "e8f45d9ad417bcef4817d614a501ab55cdd96a6fdb24f49aab89a54acfd66b19"
dependencies = [
 "quote",
 "syn",
]

[[package]]
name = "difference"
version = "2.0.0"
source = "registry+https://github.com/rust-lang/crates.io-index"
checksum = "524cbf6897b527295dff137cec09ecf3a05f4fddffd7dfcd1585403449e74198"

[[package]]
name = "igrepper"
version = "1.0.0"
dependencies = [
 "clap",
 "libc",
 "ncurses",
 "pretty_assertions",
 "regex",
 "serde",
 "serde_json",
]

[[package]]
name = "itoa"
version = "0.4.7"
source = "registry+https://github.com/rust-lang/crates.io-index"
checksum = "dd25036021b0de88a0aff6b850051563c6516d0bf53f8638938edbb9de732736"

[[package]]
name = "libc"
version = "0.2.93"
source = "registry+https://github.com/rust-lang/crates.io-index"
checksum = "9385f66bf6105b241aa65a61cb923ef20efc665cb9f9bb50ac2f0c4b7f378d41"

[[package]]
name = "memchr"
version = "2.3.3"
source = "registry+https://github.com/rust-lang/crates.io-index"
checksum = "3728d817d99e5ac407411fa471ff9800a778d88a24685968b36824eaf4bee400"

[[package]]
name = "ncurses"
version = "5.101.0"
source = "registry+https://github.com/rust-lang/crates.io-index"
checksum = "5e2c5d34d72657dc4b638a1c25d40aae81e4f1c699062f72f467237920752032"
dependencies = [
 "cc",
 "libc",
 "pkg-config",
]

[[package]]
name = "output_vt100"
version = "0.1.2"
source = "registry+https://github.com/rust-lang/crates.io-index"
checksum = "53cdc5b785b7a58c5aad8216b3dfa114df64b0b06ae6e1501cef91df2fbdf8f9"
dependencies = [
 "winapi",
]

[[package]]
name = "pkg-config"
version = "0.3.16"
source = "registry+https://github.com/rust-lang/crates.io-index"
checksum = "72d5370d90f49f70bd033c3d75e87fc529fbfff9d6f7cccef07d6170079d91ea"

[[package]]
name = "pretty_assertions"
version = "0.6.1"
source = "registry+https://github.com/rust-lang/crates.io-index"
checksum = "3f81e1644e1b54f5a68959a29aa86cde704219254669da328ecfdf6a1f09d427"
dependencies = [
 "ansi_term",
 "ctor",
 "difference",
 "output_vt100",
]

[[package]]
name = "proc-macro2"
version = "1.0.24"
source = "registry+https://github.com/rust-lang/crates.io-index"
checksum = "1e0704ee1a7e00d7bb417d0770ea303c1bccbabf0ef1667dae92b5967f5f8a71"
dependencies = [
 "unicode-xid",
]

[[package]]
name = "quote"
version = "1.0.9"
source = "registry+https://github.com/rust-lang/crates.io-index"
checksum = "c3d0b9745dc2debf507c8422de05d7226cc1f0644216dfdfead988f9b1ab32a7"
dependencies = [
 "proc-macro2",
]

[[package]]
name = "regex"
version = "1.4.5"
source = "registry+https://github.com/rust-lang/crates.io-index"
checksum = "957056ecddbeba1b26965114e191d2e8589ce74db242b6ea25fc4062427a5c19"
dependencies = [
 "aho-corasick",
 "memchr",
 "regex-syntax",
]

[[package]]
name = "regex-syntax"
version = "0.6.23"
source = "registry+https://github.com/rust-lang/crates.io-index"
checksum = "24d5f089152e60f62d28b835fbff2cd2e8dc0baf1ac13343bef92ab7eed84548"

[[package]]
name = "ryu"
version = "1.0.5"
source = "registry+https://github.com/rust-lang/crates.io-index"
checksum = "71d301d4193d031abdd79ff7e3dd721168a9572ef3fe51a1517aba235bd8f86e"

[[package]]
name = "serde"
version = "1.0.123"
source = "registry+https://github.com/rust-lang/crates.io-index"
checksum = "92d5161132722baa40d802cc70b15262b98258453e85e5d1d365c757c73869ae"

[[package]]
name = "serde_json"
version = "1.0.62"
source = "registry+https://github.com/rust-lang/crates.io-index"
checksum = "ea1c6153794552ea7cf7cf63b1231a25de00ec90db326ba6264440fa08e31486"
dependencies = [
 "itoa",
 "ryu",
 "serde",
]

[[package]]
name = "strsim"
version = "0.8.0"
source = "registry+https://github.com/rust-lang/crates.io-index"
checksum = "8ea5119cdb4c55b55d432abb513a0429384878c15dde60cc77b1c99de1a95a6a"

[[package]]
name = "syn"
version = "1.0.60"
source = "registry+https://github.com/rust-lang/crates.io-index"
checksum = "c700597eca8a5a762beb35753ef6b94df201c81cca676604f547495a0d7f0081"
dependencies = [
 "proc-macro2",
 "quote",
 "unicode-xid",
]

[[package]]
name = "textwrap"
version = "0.11.0"
source = "registry+https://github.com/rust-lang/crates.io-index"
checksum = "d326610f408c7a4eb6f51c37c330e496b08506c9457c9d34287ecc38809fb060"
dependencies = [
 "unicode-width",
]

[[package]]
name = "unicode-width"
version = "0.1.6"
source = "registry+https://github.com/rust-lang/crates.io-index"
checksum = "7007dbd421b92cc6e28410fe7362e2e0a2503394908f417b68ec8d1c364c4e20"

[[package]]
name = "unicode-xid"
version = "0.2.1"
source = "registry+https://github.com/rust-lang/crates.io-index"
checksum = "f7fe0bb3479651439c9112f72b6c505038574c9fbb575ed1bf3b797fa39dd564"

[[package]]
name = "vec_map"
version = "0.8.1"
source = "registry+https://github.com/rust-lang/crates.io-index"
checksum = "05c78687fb1a80548ae3250346c3db86a80a7cdd77bda190189f2d0a0987c81a"

[[package]]
name = "winapi"
version = "0.3.8"
source = "registry+https://github.com/rust-lang/crates.io-index"
checksum = "8093091eeb260906a183e6ae1abdba2ef5ef2257a21801128899c3fc699229c6"
dependencies = [
 "winapi-i686-pc-windows-gnu",
 "winapi-x86_64-pc-windows-gnu",
]

[[package]]
name = "winapi-i686-pc-windows-gnu"
version = "0.4.0"
source = "registry+https://github.com/rust-lang/crates.io-index"
checksum = "ac3b87c63620426dd9b991e5ce0329eff545bccbbb34f3be09ff6fb6ab51b7b6"

[[package]]
name = "winapi-x86_64-pc-windows-gnu"
version = "0.4.0"
source = "registry+https://github.com/rust-lang/crates.io-index"
checksum = "712e227841d057c1ee1cd2fb22fa7e5a5461ae8e48fa2ca79ec42cfc1931183f"
